
Microsoft Visual Studio Solution File, Format Version 12.00
# Visual Studio 15
VisualStudioVersion = 15.0.28307.645
MinimumVisualStudioVersion = 10.0.40219.1
Project("{9A19103F-16F7-4668-BE54-9A1E7A4F7556}") = "Ustn.Frameworks.Fx", "Ustn.Frameworks.Fx\Ustn.Frameworks.Fx.csproj", "{3475C825-D4F6-4675-962D-610839A65F61}"
EndProject
Project("{9A19103F-16F7-4668-BE54-9A1E7A4F7556}") = "Ustn.Frameworks.Fx.Tests", "Ustn.Frameworks.Fx.Tests\Ustn.Frameworks.Fx.Tests.csproj", "{5296F6C1-AF9E-443C-AFDC-19F07F770482}"
EndProject
Project("{9A19103F-16F7-4668-BE54-9A1E7A4F7556}") = "FxFrameworkTester", "FxFrameworkTester\FxFrameworkTester.csproj", "{32DA9E4E-8EB6-410D-B218-B86468CD891D}"
EndProject
Global
	GlobalSection(SolutionConfigurationPlatforms) = preSolution
		Debug|Any CPU = Debug|Any CPU
		Release|Any CPU = Release|Any CPU
	EndGlobalSection
	GlobalSection(ProjectConfigurationPlatforms) = postSolution
		{3475C825-D4F6-4675-962D-610839A65F61}.Debug|Any CPU.ActiveCfg = Debug|Any CPU
		{3475C825-D4F6-4675-962D-610839A65F61}.Debug|Any CPU.Build.0 = Debug|Any CPU
		{3475C825-D4F6-4675-962D-610839A65F61}.Release|Any CPU.ActiveCfg = Release|Any CPU
		{3475C825-D4F6-4675-962D-610839A65F61}.Release|Any CPU.Build.0 = Release|Any CPU
		{5296F6C1-AF9E-443C-AFDC-19F07F770482}.Debug|Any CPU.ActiveCfg = Debug|Any CPU
		{5296F6C1-AF9E-443C-AFDC-19F07F770482}.Debug|Any CPU.Build.0 = Debug|Any CPU
		{5296F6C1-AF9E-443C-AFDC-19F07F770482}.Release|Any CPU.ActiveCfg = Release|Any CPU
		{5296F6C1-AF9E-443C-AFDC-19F07F770482}.Release|Any CPU.Build.0 = Release|Any CPU
		{32DA9E4E-8EB6-410D-B218-B86468CD891D}.Debug|Any CPU.ActiveCfg = Debug|Any CPU
		{32DA9E4E-8EB6-410D-B218-B86468CD891D}.Debug|Any CPU.Build.0 = Debug|Any CPU
		{32DA9E4E-8EB6-410D-B218-B86468CD891D}.Release|Any CPU.ActiveCfg = Release|Any CPU
		{32DA9E4E-8EB6-410D-B218-B86468CD891D}.Release|Any CPU.Build.0 = Release|Any CPU
	EndGlobalSection
	GlobalSection(SolutionProperties) = preSolution
		HideSolutionNode = FALSE
	EndGlobalSection
	GlobalSection(ExtensibilityGlobals) = postSolution
		SolutionGuid = {AD972599-263B-4AA6-9619-A508B5609195}
	EndGlobalSection
EndGlobal
